
Microsoft Visual Studio Solution File, Format Version 12.00
# Visual Studio Version 17
VisualStudioVersion = 17.5.33530.505
MinimumVisualStudioVersion = 10.0.40219.1
Project("{9A19103F-16F7-4668-BE54-9A1E7A4F7556}") = "Ejercicio01", "Ejercicio_Tema6\Ejercicio01.csproj", "{7F14C66F-90B9-4E82-A666-274B288BCA1F}"
EndProject
Project("{9A19103F-16F7-4668-BE54-9A1E7A4F7556}") = "Ejercicio02", "Ejercicio02\Ejercicio02.csproj", "{3A7B7B76-DD5E-45E3-85A7-6095EE69C0F8}"
EndProject
Project("{9A19103F-16F7-4668-BE54-9A1E7A4F7556}") = "Ejercicio03", "Ejercicio03\Ejercicio03.csproj", "{1231DF6A-BC9D-44C2-BB46-371565A1C749}"
EndProject
Project("{9A19103F-16F7-4668-BE54-9A1E7A4F7556}") = "Ejercicio04", "Ejercicio04\Ejercicio04.csproj", "{70B5C30E-A11D-48CD-9266-CA5559CA4A45}"
EndProject
Project("{9A19103F-16F7-4668-BE54-9A1E7A4F7556}") = "Ejercicio05", "Ejercicio05\Ejercicio05.csproj", "{FC4B4878-F8E8-4078-8582-3A10B39501D8}"
EndProject
Project("{9A19103F-16F7-4668-BE54-9A1E7A4F7556}") = "Ej01", "Ej01\Ej01.csproj", "{34648BF8-7199-42C1-B38B-53F8651CF886}"
EndProject
Project("{9A19103F-16F7-4668-BE54-9A1E7A4F7556}") = "Ej02", "Ej02\Ej02.csproj", "{87D31860-F9F1-4263-847B-0A28E443798C}"
EndProject
Project("{9A19103F-16F7-4668-BE54-9A1E7A4F7556}") = "Ej03", "Ej03\Ej03.csproj", "{57936A08-3916-46FE-A9BE-8A3B82800F96}"
EndProject
Project("{9A19103F-16F7-4668-BE54-9A1E7A4F7556}") = "Ej04", "Ej04\Ej04.csproj", "{45C41DDE-9697-442C-8447-CED725227C32}"
EndProject
Project("{9A19103F-16F7-4668-BE54-9A1E7A4F7556}") = "Ej05", "Ej05\Ej05.csproj", "{E298B384-1025-47A3-874E-408D948255F6}"
EndProject
Project("{9A19103F-16F7-4668-BE54-9A1E7A4F7556}") = "Ej06", "Ej06\Ej06.csproj", "{A0ED6595-9F40-479E-B74D-B0EACC50A16F}"
EndProject
Project("{9A19103F-16F7-4668-BE54-9A1E7A4F7556}") = "Ej07", "Ej07\Ej07.csproj", "{C1EFD0DF-34FF-4304-8E40-B29E4116E336}"
EndProject
Project("{9A19103F-16F7-4668-BE54-9A1E7A4F7556}") = "E01", "E01\E01.csproj", "{B54B5FD1-3349-4893-805E-896666A41D04}"
EndProject
Project("{9A19103F-16F7-4668-BE54-9A1E7A4F7556}") = "E02", "E02\E02.csproj", "{C9F47107-6908-4233-9C39-A873D4998000}"
EndProject
Project("{9A19103F-16F7-4668-BE54-9A1E7A4F7556}") = "E03", "E03\E03.csproj", "{21353464-3A30-47EF-9FF0-E94BAC4CB29F}"
EndProject
Project("{9A19103F-16F7-4668-BE54-9A1E7A4F7556}") = "E04", "E04\E04.csproj", "{E51C5E2A-7E77-42AC-9128-13D1065CF4CF}"
EndProject
Project("{9A19103F-16F7-4668-BE54-9A1E7A4F7556}") = "E05", "E05\E05.csproj", "{E726ECB9-31D4-4070-8409-2AEFEB0A7994}"
EndProject
Project("{9A19103F-16F7-4668-BE54-9A1E7A4F7556}") = "E06", "E06\E06.csproj", "{E17AB93F-EE7F-4193-9209-570F9D79CB23}"
EndProject
Project("{9A19103F-16F7-4668-BE54-9A1E7A4F7556}") = "E07", "E07\E07.csproj", "{39288864-0000-4254-BC3B-DFC8A04CDB93}"
EndProject
Project("{9A19103F-16F7-4668-BE54-9A1E7A4F7556}") = "xEjercicio01", "xEjercicio01\xEjercicio01.csproj", "{9599C3E2-EDD2-4981-9A3F-E1F7D8AB6500}"
EndProject
Project("{9A19103F-16F7-4668-BE54-9A1E7A4F7556}") = "xEjercicio02", "xEjercicio02\xEjercicio02.csproj", "{4E4E9E1E-06DA-426C-8171-DC8F701AE5FD}"
EndProject
Project("{9A19103F-16F7-4668-BE54-9A1E7A4F7556}") = "xEjercicio03", "xEjercicio03\xEjercicio03.csproj", "{A5837FCC-EC6C-459D-8FA6-7F5F0553E8A4}"
EndProject
Project("{9A19103F-16F7-4668-BE54-9A1E7A4F7556}") = "xEjercicio04", "xEjercicio04\xEjercicio04.csproj", "{82B65610-3060-42D6-94CE-02E4F72652F1}"
EndProject
Project("{9A19103F-16F7-4668-BE54-9A1E7A4F7556}") = "xEjercicio05", "xEjercicio05\xEjercicio05.csproj", "{010EA383-6152-409A-ACB2-034D53308E76}"
EndProject
Project("{9A19103F-16F7-4668-BE54-9A1E7A4F7556}") = "xEjercicio06", "xEjercicio06\xEjercicio06.csproj", "{ABEB149B-6709-4350-BE39-D3AA153A55E1}"
EndProject
Project("{9A19103F-16F7-4668-BE54-9A1E7A4F7556}") = "xEjercicio07", "xEjercicio07\xEjercicio07.csproj", "{E15BA7E0-F0BF-418E-978B-3CA15392AE67}"
EndProject
Project("{FAE04EC0-301F-11D3-BF4B-00C04F79EFBC}") = "xEj01", "xEj01\xEj01.csproj", "{880AF64A-3A94-4C51-818A-7425263E3A9B}"
EndProject
Project("{FAE04EC0-301F-11D3-BF4B-00C04F79EFBC}") = "xEj02", "xEj2\xEj02.csproj", "{95B6C24A-5535-48FC-AABD-4F1AC89F5F74}"
EndProject
Project("{FAE04EC0-301F-11D3-BF4B-00C04F79EFBC}") = "xEj03", "xEj03\xEj03.csproj", "{1B1C50D2-E13B-426F-928C-53A0C3340A95}"
EndProject
Project("{FAE04EC0-301F-11D3-BF4B-00C04F79EFBC}") = "xEj04", "xEj04\xEj04.csproj", "{57BFD740-A873-41DD-BE94-9EFF1CEA836A}"
EndProject
Project("{FAE04EC0-301F-11D3-BF4B-00C04F79EFBC}") = "xEj05", "xEj05\xEj05.csproj", "{13EDA766-754E-4764-A78A-6B1AC5783F5A}"
EndProject
Project("{FAE04EC0-301F-11D3-BF4B-00C04F79EFBC}") = "xEj06", "xEj06\xEj06.csproj", "{5327BFFD-0931-4F87-9212-91EF94E968BD}"
EndProject
Project("{FAE04EC0-301F-11D3-BF4B-00C04F79EFBC}") = "xEj07", "xEj07\xEj07.csproj", "{C3F562E5-DAFD-44F0-9815-69A483D800A6}"
EndProject
Project("{FAE04EC0-301F-11D3-BF4B-00C04F79EFBC}") = "RepeatEj03", "RepeatEj03\RepeatEj03.csproj", "{D7DB91E4-C455-4437-A2A7-C303A26E8536}"
EndProject
Global
	GlobalSection(SolutionConfigurationPlatforms) = preSolution
		Debug|Any CPU = Debug|Any CPU
		Release|Any CPU = Release|Any CPU
	EndGlobalSection
	GlobalSection(ProjectConfigurationPlatforms) = postSolution
		{7F14C66F-90B9-4E82-A666-274B288BCA1F}.Debug|Any CPU.ActiveCfg = Debug|Any CPU
		{7F14C66F-90B9-4E82-A666-274B288BCA1F}.Debug|Any CPU.Build.0 = Debug|Any CPU
		{7F14C66F-90B9-4E82-A666-274B288BCA1F}.Release|Any CPU.ActiveCfg = Release|Any CPU
		{7F14C66F-90B9-4E82-A666-274B288BCA1F}.Release|Any CPU.Build.0 = Release|Any CPU
		{3A7B7B76-DD5E-45E3-85A7-6095EE69C0F8}.Debug|Any CPU.ActiveCfg = Debug|Any CPU
		{3A7B7B76-DD5E-45E3-85A7-6095EE69C0F8}.Debug|Any CPU.Build.0 = Debug|Any CPU
		{3A7B7B76-DD5E-45E3-85A7-6095EE69C0F8}.Release|Any CPU.ActiveCfg = Release|Any CPU
		{3A7B7B76-DD5E-45E3-85A7-6095EE69C0F8}.Release|Any CPU.Build.0 = Release|Any CPU
		{1231DF6A-BC9D-44C2-BB46-371565A1C749}.Debug|Any CPU.ActiveCfg = Debug|Any CPU
		{1231DF6A-BC9D-44C2-BB46-371565A1C749}.Debug|Any CPU.Build.0 = Debug|Any CPU
		{1231DF6A-BC9D-44C2-BB46-371565A1C749}.Release|Any CPU.ActiveCfg = Release|Any CPU
		{1231DF6A-BC9D-44C2-BB46-371565A1C749}.Release|Any CPU.Build.0 = Release|Any CPU
		{70B5C30E-A11D-48CD-9266-CA5559CA4A45}.Debug|Any CPU.ActiveCfg = Debug|Any CPU
		{70B5C30E-A11D-48CD-9266-CA5559CA4A45}.Debug|Any CPU.Build.0 = Debug|Any CPU
		{70B5C30E-A11D-48CD-9266-CA5559CA4A45}.Release|Any CPU.ActiveCfg = Release|Any CPU
		{70B5C30E-A11D-48CD-9266-CA5559CA4A45}.Release|Any CPU.Build.0 = Release|Any CPU
		{FC4B4878-F8E8-4078-8582-3A10B39501D8}.Debug|Any CPU.ActiveCfg = Debug|Any CPU
		{FC4B4878-F8E8-4078-8582-3A10B39501D8}.Debug|Any CPU.Build.0 = Debug|Any CPU
		{FC4B4878-F8E8-4078-8582-3A10B39501D8}.Release|Any CPU.ActiveCfg = Release|Any CPU
		{FC4B4878-F8E8-4078-8582-3A10B39501D8}.Release|Any CPU.Build.0 = Release|Any CPU
		{34648BF8-7199-42C1-B38B-53F8651CF886}.Debug|Any CPU.ActiveCfg = Debug|Any CPU
		{34648BF8-7199-42C1-B38B-53F8651CF886}.Debug|Any CPU.Build.0 = Debug|Any CPU
		{34648BF8-7199-42C1-B38B-53F8651CF886}.Release|Any CPU.ActiveCfg = Release|Any CPU
		{34648BF8-7199-42C1-B38B-53F8651CF886}.Release|Any CPU.Build.0 = Release|Any CPU
		{87D31860-F9F1-4263-847B-0A28E443798C}.Debug|Any CPU.ActiveCfg = Debug|Any CPU
		{87D31860-F9F1-4263-847B-0A28E443798C}.Debug|Any CPU.Build.0 = Debug|Any CPU
		{87D31860-F9F1-4263-847B-0A28E443798C}.Release|Any CPU.ActiveCfg = Release|Any CPU
		{87D31860-F9F1-4263-847B-0A28E443798C}.Release|Any CPU.Build.0 = Release|Any CPU
		{57936A08-3916-46FE-A9BE-8A3B82800F96}.Debug|Any CPU.ActiveCfg = Debug|Any CPU
		{57936A08-3916-46FE-A9BE-8A3B82800F96}.Debug|Any CPU.Build.0 = Debug|Any CPU
		{57936A08-3916-46FE-A9BE-8A3B82800F96}.Release|Any CPU.ActiveCfg = Release|Any CPU
		{57936A08-3916-46FE-A9BE-8A3B82800F96}.Release|Any CPU.Build.0 = Release|Any CPU
		{45C41DDE-9697-442C-8447-CED725227C32}.Debug|Any CPU.ActiveCfg = Debug|Any CPU
		{45C41DDE-9697-442C-8447-CED725227C32}.Debug|Any CPU.Build.0 = Debug|Any CPU
		{45C41DDE-9697-442C-8447-CED725227C32}.Release|Any CPU.ActiveCfg = Release|Any CPU
		{45C41DDE-9697-442C-8447-CED725227C32}.Release|Any CPU.Build.0 = Release|Any CPU
		{E298B384-1025-47A3-874E-408D948255F6}.Debug|Any CPU.ActiveCfg = Debug|Any CPU
		{E298B384-1025-47A3-874E-408D948255F6}.Debug|Any CPU.Build.0 = Debug|Any CPU
		{E298B384-1025-47A3-874E-408D948255F6}.Release|Any CPU.ActiveCfg = Release|Any CPU
		{E298B384-1025-47A3-874E-408D948255F6}.Release|Any CPU.Build.0 = Release|Any CPU
		{A0ED6595-9F40-479E-B74D-B0EACC50A16F}.Debug|Any CPU.ActiveCfg = Debug|Any CPU
		{A0ED6595-9F40-479E-B74D-B0EACC50A16F}.Debug|Any CPU.Build.0 = Debug|Any CPU
		{A0ED6595-9F40-479E-B74D-B0EACC50A16F}.Release|Any CPU.ActiveCfg = Release|Any CPU
		{A0ED6595-9F40-479E-B74D-B0EACC50A16F}.Release|Any CPU.Build.0 = Release|Any CPU
		{C1EFD0DF-34FF-4304-8E40-B29E4116E336}.Debug|Any CPU.ActiveCfg = Debug|Any CPU
		{C1EFD0DF-34FF-4304-8E40-B29E4116E336}.Debug|Any CPU.Build.0 = Debug|Any CPU
		{C1EFD0DF-34FF-4304-8E40-B29E4116E336}.Release|Any CPU.ActiveCfg = Release|Any CPU
		{C1EFD0DF-34FF-4304-8E40-B29E4116E336}.Release|Any CPU.Build.0 = Release|Any CPU
		{B54B5FD1-3349-4893-805E-896666A41D04}.Debug|Any CPU.ActiveCfg = Debug|Any CPU
		{B54B5FD1-3349-4893-805E-896666A41D04}.Debug|Any CPU.Build.0 = Debug|Any CPU
		{B54B5FD1-3349-4893-805E-896666A41D04}.Release|Any CPU.ActiveCfg = Release|Any CPU
		{B54B5FD1-3349-4893-805E-896666A41D04}.Release|Any CPU.Build.0 = Release|Any CPU
		{C9F47107-6908-4233-9C39-A873D4998000}.Debug|Any CPU.ActiveCfg = Debug|Any CPU
		{C9F47107-6908-4233-9C39-A873D4998000}.Debug|Any CPU.Build.0 = Debug|Any CPU
		{C9F47107-6908-4233-9C39-A873D4998000}.Release|Any CPU.ActiveCfg = Release|Any CPU
		{C9F47107-6908-4233-9C39-A873D4998000}.Release|Any CPU.Build.0 = Release|Any CPU
		{21353464-3A30-47EF-9FF0-E94BAC4CB29F}.Debug|Any CPU.ActiveCfg = Debug|Any CPU
		{21353464-3A30-47EF-9FF0-E94BAC4CB29F}.Debug|Any CPU.Build.0 = Debug|Any CPU
		{21353464-3A30-47EF-9FF0-E94BAC4CB29F}.Release|Any CPU.ActiveCfg = Release|Any CPU
		{21353464-3A30-47EF-9FF0-E94BAC4CB29F}.Release|Any CPU.Build.0 = Release|Any CPU
		{E51C5E2A-7E77-42AC-9128-13D1065CF4CF}.Debug|Any CPU.ActiveCfg = Debug|Any CPU
		{E51C5E2A-7E77-42AC-9128-13D1065CF4CF}.Debug|Any CPU.Build.0 = Debug|Any CPU
		{E51C5E2A-7E77-42AC-9128-13D1065CF4CF}.Release|Any CPU.ActiveCfg = Release|Any CPU
		{E51C5E2A-7E77-42AC-9128-13D1065CF4CF}.Release|Any CPU.Build.0 = Release|Any CPU
		{E726ECB9-31D4-4070-8409-2AEFEB0A7994}.Debug|Any CPU.ActiveCfg = Debug|Any CPU
		{E726ECB9-31D4-4070-8409-2AEFEB0A7994}.Debug|Any CPU.Build.0 = Debug|Any CPU
		{E726ECB9-31D4-4070-8409-2AEFEB0A7994}.Release|Any CPU.ActiveCfg = Release|Any CPU
		{E726ECB9-31D4-4070-8409-2AEFEB0A7994}.Release|Any CPU.Build.0 = Release|Any CPU
		{E17AB93F-EE7F-4193-9209-570F9D79CB23}.Debug|Any CPU.ActiveCfg = Debug|Any CPU
		{E17AB93F-EE7F-4193-9209-570F9D79CB23}.Debug|Any CPU.Build.0 = Debug|Any CPU
		{E17AB93F-EE7F-4193-9209-570F9D79CB23}.Release|Any CPU.ActiveCfg = Release|Any CPU
		{E17AB93F-EE7F-4193-9209-570F9D79CB23}.Release|Any CPU.Build.0 = Release|Any CPU
		{39288864-0000-4254-BC3B-DFC8A04CDB93}.Debug|Any CPU.ActiveCfg = Debug|Any CPU
		{39288864-0000-4254-BC3B-DFC8A04CDB93}.Debug|Any CPU.Build.0 = Debug|Any CPU
		{39288864-0000-4254-BC3B-DFC8A04CDB93}.Release|Any CPU.ActiveCfg = Release|Any CPU
		{39288864-0000-4254-BC3B-DFC8A04CDB93}.Release|Any CPU.Build.0 = Release|Any CPU
		{9599C3E2-EDD2-4981-9A3F-E1F7D8AB6500}.Debug|Any CPU.ActiveCfg = Debug|Any CPU
		{9599C3E2-EDD2-4981-9A3F-E1F7D8AB6500}.Debug|Any CPU.Build.0 = Debug|Any CPU
		{9599C3E2-EDD2-4981-9A3F-E1F7D8AB6500}.Release|Any CPU.ActiveCfg = Release|Any CPU
		{9599C3E2-EDD2-4981-9A3F-E1F7D8AB6500}.Release|Any CPU.Build.0 = Release|Any CPU
		{4E4E9E1E-06DA-426C-8171-DC8F701AE5FD}.Debug|Any CPU.ActiveCfg = Debug|Any CPU
		{4E4E9E1E-06DA-426C-8171-DC8F701AE5FD}.Debug|Any CPU.Build.0 = Debug|Any CPU
		{4E4E9E1E-06DA-426C-8171-DC8F701AE5FD}.Release|Any CPU.ActiveCfg = Release|Any CPU
		{4E4E9E1E-06DA-426C-8171-DC8F701AE5FD}.Release|Any CPU.Build.0 = Release|Any CPU
		{A5837FCC-EC6C-459D-8FA6-7F5F0553E8A4}.Debug|Any CPU.ActiveCfg = Debug|Any CPU
		{A5837FCC-EC6C-459D-8FA6-7F5F0553E8A4}.Debug|Any CPU.Build.0 = Debug|Any CPU
		{A5837FCC-EC6C-459D-8FA6-7F5F0553E8A4}.Release|Any CPU.ActiveCfg = Release|Any CPU
		{A5837FCC-EC6C-459D-8FA6-7F5F0553E8A4}.Release|Any CPU.Build.0 = Release|Any CPU
		{82B65610-3060-42D6-94CE-02E4F72652F1}.Debug|Any CPU.ActiveCfg = Debug|Any CPU
		{82B65610-3060-42D6-94CE-02E4F72652F1}.Debug|Any CPU.Build.0 = Debug|Any CPU
		{82B65610-3060-42D6-94CE-02E4F72652F1}.Release|Any CPU.ActiveCfg = Release|Any CPU
		{82B65610-3060-42D6-94CE-02E4F72652F1}.Release|Any CPU.Build.0 = Release|Any CPU
		{010EA383-6152-409A-ACB2-034D53308E76}.Debug|Any CPU.ActiveCfg = Debug|Any CPU
		{010EA383-6152-409A-ACB2-034D53308E76}.Debug|Any CPU.Build.0 = Debug|Any CPU
		{010EA383-6152-409A-ACB2-034D53308E76}.Release|Any CPU.ActiveCfg = Release|Any CPU
		{010EA383-6152-409A-ACB2-034D53308E76}.Release|Any CPU.Build.0 = Release|Any CPU
		{ABEB149B-6709-4350-BE39-D3AA153A55E1}.Debug|Any CPU.ActiveCfg = Debug|Any CPU
		{ABEB149B-6709-4350-BE39-D3AA153A55E1}.Debug|Any CPU.Build.0 = Debug|Any CPU
		{ABEB149B-6709-4350-BE39-D3AA153A55E1}.Release|Any CPU.ActiveCfg = Release|Any CPU
		{ABEB149B-6709-4350-BE39-D3AA153A55E1}.Release|Any CPU.Build.0 = Release|Any CPU
		{E15BA7E0-F0BF-418E-978B-3CA15392AE67}.Debug|Any CPU.ActiveCfg = Debug|Any CPU
		{E15BA7E0-F0BF-418E-978B-3CA15392AE67}.Debug|Any CPU.Build.0 = Debug|Any CPU
		{E15BA7E0-F0BF-418E-978B-3CA15392AE67}.Release|Any CPU.ActiveCfg = Release|Any CPU
		{E15BA7E0-F0BF-418E-978B-3CA15392AE67}.Release|Any CPU.Build.0 = Release|Any CPU
		{880AF64A-3A94-4C51-818A-7425263E3A9B}.Debug|Any CPU.ActiveCfg = Debug|Any CPU
		{880AF64A-3A94-4C51-818A-7425263E3A9B}.Debug|Any CPU.Build.0 = Debug|Any CPU
		{880AF64A-3A94-4C51-818A-7425263E3A9B}.Release|Any CPU.ActiveCfg = Release|Any CPU
		{880AF64A-3A94-4C51-818A-7425263E3A9B}.Release|Any CPU.Build.0 = Release|Any CPU
		{95B6C24A-5535-48FC-AABD-4F1AC89F5F74}.Debug|Any CPU.ActiveCfg = Debug|Any CPU
		{95B6C24A-5535-48FC-AABD-4F1AC89F5F74}.Debug|Any CPU.Build.0 = Debug|Any CPU
		{95B6C24A-5535-48FC-AABD-4F1AC89F5F74}.Release|Any CPU.ActiveCfg = Release|Any CPU
		{95B6C24A-5535-48FC-AABD-4F1AC89F5F74}.Release|Any CPU.Build.0 = Release|Any CPU
		{1B1C50D2-E13B-426F-928C-53A0C3340A95}.Debug|Any CPU.ActiveCfg = Debug|Any CPU
		{1B1C50D2-E13B-426F-928C-53A0C3340A95}.Debug|Any CPU.Build.0 = Debug|Any CPU
		{1B1C50D2-E13B-426F-928C-53A0C3340A95}.Release|Any CPU.ActiveCfg = Release|Any CPU
		{1B1C50D2-E13B-426F-928C-53A0C3340A95}.Release|Any CPU.Build.0 = Release|Any CPU
		{57BFD740-A873-41DD-BE94-9EFF1CEA836A}.Debug|Any CPU.ActiveCfg = Debug|Any CPU
		{57BFD740-A873-41DD-BE94-9EFF1CEA836A}.Debug|Any CPU.Build.0 = Debug|Any CPU
		{57BFD740-A873-41DD-BE94-9EFF1CEA836A}.Release|Any CPU.ActiveCfg = Release|Any CPU
		{57BFD740-A873-41DD-BE94-9EFF1CEA836A}.Release|Any CPU.Build.0 = Release|Any CPU
		{13EDA766-754E-4764-A78A-6B1AC5783F5A}.Debug|Any CPU.ActiveCfg = Debug|Any CPU
		{13EDA766-754E-4764-A78A-6B1AC5783F5A}.Debug|Any CPU.Build.0 = Debug|Any CPU
		{13EDA766-754E-4764-A78A-6B1AC5783F5A}.Release|Any CPU.ActiveCfg = Release|Any CPU
		{13EDA766-754E-4764-A78A-6B1AC5783F5A}.Release|Any CPU.Build.0 = Release|Any CPU
		{5327BFFD-0931-4F87-9212-91EF94E968BD}.Debug|Any CPU.ActiveCfg = Debug|Any CPU
		{5327BFFD-0931-4F87-9212-91EF94E968BD}.Debug|Any CPU.Build.0 = Debug|Any CPU
		{5327BFFD-0931-4F87-9212-91EF94E968BD}.Release|Any CPU.ActiveCfg = Release|Any CPU
		{5327BFFD-0931-4F87-9212-91EF94E968BD}.Release|Any CPU.Build.0 = Release|Any CPU
		{C3F562E5-DAFD-44F0-9815-69A483D800A6}.Debug|Any CPU.ActiveCfg = Debug|Any CPU
		{C3F562E5-DAFD-44F0-9815-69A483D800A6}.Debug|Any CPU.Build.0 = Debug|Any CPU
		{C3F562E5-DAFD-44F0-9815-69A483D800A6}.Release|Any CPU.ActiveCfg = Release|Any CPU
		{C3F562E5-DAFD-44F0-9815-69A483D800A6}.Release|Any CPU.Build.0 = Release|Any CPU
		{D7DB91E4-C455-4437-A2A7-C303A26E8536}.Debug|Any CPU.ActiveCfg = Debug|Any CPU
		{D7DB91E4-C455-4437-A2A7-C303A26E8536}.Debug|Any CPU.Build.0 = Debug|Any CPU
		{D7DB91E4-C455-4437-A2A7-C303A26E8536}.Release|Any CPU.ActiveCfg = Release|Any CPU
		{D7DB91E4-C455-4437-A2A7-C303A26E8536}.Release|Any CPU.Build.0 = Release|Any CPU
	EndGlobalSection
	GlobalSection(SolutionProperties) = preSolution
		HideSolutionNode = FALSE
	EndGlobalSection
	GlobalSection(ExtensibilityGlobals) = postSolution
		SolutionGuid = {A5FD62B8-E524-4C4C-931B-2281912FE265}
	EndGlobalSection
EndGlobal
