
Microsoft Visual Studio Solution File, Format Version 12.00
# Visual Studio Version 17
VisualStudioVersion = 17.5.33530.505
MinimumVisualStudioVersion = 10.0.40219.1
Project("{9A19103F-16F7-4668-BE54-9A1E7A4F7556}") = "Ejercicio01", "Ejercicio_Tema6\Ejercicio01.csproj", "{7F14C66F-90B9-4E82-A666-274B288BCA1F}"
EndProject
Project("{9A19103F-16F7-4668-BE54-9A1E7A4F7556}") = "Ejercicio02", "Ejercicio02\Ejercicio02.csproj", "{3A7B7B76-DD5E-45E3-85A7-6095EE69C0F8}"
EndProject
Project("{9A19103F-16F7-4668-BE54-9A1E7A4F7556}") = "Ejercicio03", "Ejercicio03\Ejercicio03.csproj", "{1231DF6A-BC9D-44C2-BB46-371565A1C749}"
EndProject
Project("{9A19103F-16F7-4668-BE54-9A1E7A4F7556}") = "Ejercicio04", "Ejercicio04\Ejercicio04.csproj", "{70B5C30E-A11D-48CD-9266-CA5559CA4A45}"
EndProject
Project("{9A19103F-16F7-4668-BE54-9A1E7A4F7556}") = "Ejercicio05", "Ejercicio05\Ejercicio05.csproj", "{FC4B4878-F8E8-4078-8582-3A10B39501D8}"
EndProject
Project("{9A19103F-16F7-4668-BE54-9A1E7A4F7556}") = "Ej01", "Ej01\Ej01.csproj", "{34648BF8-7199-42C1-B38B-53F8651CF886}"
EndProject
Project("{9A19103F-16F7-4668-BE54-9A1E7A4F7556}") = "Ej02", "Ej02\Ej02.csproj", "{87D31860-F9F1-4263-847B-0A28E443798C}"
EndProject
Project("{9A19103F-16F7-4668-BE54-9A1E7A4F7556}") = "Ej03", "Ej03\Ej03.csproj", "{57936A08-3916-46FE-A9BE-8A3B82800F96}"
EndProject
Project("{9A19103F-16F7-4668-BE54-9A1E7A4F7556}") = "Ej04", "Ej04\Ej04.csproj", "{45C41DDE-9697-442C-8447-CED725227C32}"
EndProject
Project("{9A19103F-16F7-4668-BE54-9A1E7A4F7556}") = "Ej05", "Ej05\Ej05.csproj", "{E298B384-1025-47A3-874E-408D948255F6}"
EndProject
Project("{9A19103F-16F7-4668-BE54-9A1E7A4F7556}") = "Ej06", "Ej06\Ej06.csproj", "{A0ED6595-9F40-479E-B74D-B0EACC50A16F}"
EndProject
Project("{9A19103F-16F7-4668-BE54-9A1E7A4F7556}") = "Ej07", "Ej07\Ej07.csproj", "{C1EFD0DF-34FF-4304-8E40-B29E4116E336}"
EndProject
Project("{9A19103F-16F7-4668-BE54-9A1E7A4F7556}") = "E01", "E01\E01.csproj", "{B54B5FD1-3349-4893-805E-896666A41D04}"
EndProject
Project("{FAE04EC0-301F-11D3-BF4B-00C04F79EFBC}") = "E02", "E02\E02.csproj", "{C9F47107-6908-4233-9C39-A873D4998000}"
EndProject
Global
	GlobalSection(SolutionConfigurationPlatforms) = preSolution
		Debug|Any CPU = Debug|Any CPU
		Release|Any CPU = Release|Any CPU
	EndGlobalSection
	GlobalSection(ProjectConfigurationPlatforms) = postSolution
		{7F14C66F-90B9-4E82-A666-274B288BCA1F}.Debug|Any CPU.ActiveCfg = Debug|Any CPU
		{7F14C66F-90B9-4E82-A666-274B288BCA1F}.Debug|Any CPU.Build.0 = Debug|Any CPU
		{7F14C66F-90B9-4E82-A666-274B288BCA1F}.Release|Any CPU.ActiveCfg = Release|Any CPU
		{7F14C66F-90B9-4E82-A666-274B288BCA1F}.Release|Any CPU.Build.0 = Release|Any CPU
		{3A7B7B76-DD5E-45E3-85A7-6095EE69C0F8}.Debug|Any CPU.ActiveCfg = Debug|Any CPU
		{3A7B7B76-DD5E-45E3-85A7-6095EE69C0F8}.Debug|Any CPU.Build.0 = Debug|Any CPU
		{3A7B7B76-DD5E-45E3-85A7-6095EE69C0F8}.Release|Any CPU.ActiveCfg = Release|Any CPU
		{3A7B7B76-DD5E-45E3-85A7-6095EE69C0F8}.Release|Any CPU.Build.0 = Release|Any CPU
		{1231DF6A-BC9D-44C2-BB46-371565A1C749}.Debug|Any CPU.ActiveCfg = Debug|Any CPU
		{1231DF6A-BC9D-44C2-BB46-371565A1C749}.Debug|Any CPU.Build.0 = Debug|Any CPU
		{1231DF6A-BC9D-44C2-BB46-371565A1C749}.Release|Any CPU.ActiveCfg = Release|Any CPU
		{1231DF6A-BC9D-44C2-BB46-371565A1C749}.Release|Any CPU.Build.0 = Release|Any CPU
		{70B5C30E-A11D-48CD-9266-CA5559CA4A45}.Debug|Any CPU.ActiveCfg = Debug|Any CPU
		{70B5C30E-A11D-48CD-9266-CA5559CA4A45}.Debug|Any CPU.Build.0 = Debug|Any CPU
		{70B5C30E-A11D-48CD-9266-CA5559CA4A45}.Release|Any CPU.ActiveCfg = Release|Any CPU
		{70B5C30E-A11D-48CD-9266-CA5559CA4A45}.Release|Any CPU.Build.0 = Release|Any CPU
		{FC4B4878-F8E8-4078-8582-3A10B39501D8}.Debug|Any CPU.ActiveCfg = Debug|Any CPU
		{FC4B4878-F8E8-4078-8582-3A10B39501D8}.Debug|Any CPU.Build.0 = Debug|Any CPU
		{FC4B4878-F8E8-4078-8582-3A10B39501D8}.Release|Any CPU.ActiveCfg = Release|Any CPU
		{FC4B4878-F8E8-4078-8582-3A10B39501D8}.Release|Any CPU.Build.0 = Release|Any CPU
		{34648BF8-7199-42C1-B38B-53F8651CF886}.Debug|Any CPU.ActiveCfg = Debug|Any CPU
		{34648BF8-7199-42C1-B38B-53F8651CF886}.Debug|Any CPU.Build.0 = Debug|Any CPU
		{34648BF8-7199-42C1-B38B-53F8651CF886}.Release|Any CPU.ActiveCfg = Release|Any CPU
		{34648BF8-7199-42C1-B38B-53F8651CF886}.Release|Any CPU.Build.0 = Release|Any CPU
		{87D31860-F9F1-4263-847B-0A28E443798C}.Debug|Any CPU.ActiveCfg = Debug|Any CPU
		{87D31860-F9F1-4263-847B-0A28E443798C}.Debug|Any CPU.Build.0 = Debug|Any CPU
		{87D31860-F9F1-4263-847B-0A28E443798C}.Release|Any CPU.ActiveCfg = Release|Any CPU
		{87D31860-F9F1-4263-847B-0A28E443798C}.Release|Any CPU.Build.0 = Release|Any CPU
		{57936A08-3916-46FE-A9BE-8A3B82800F96}.Debug|Any CPU.ActiveCfg = Debug|Any CPU
		{57936A08-3916-46FE-A9BE-8A3B82800F96}.Debug|Any CPU.Build.0 = Debug|Any CPU
		{57936A08-3916-46FE-A9BE-8A3B82800F96}.Release|Any CPU.ActiveCfg = Release|Any CPU
		{57936A08-3916-46FE-A9BE-8A3B82800F96}.Release|Any CPU.Build.0 = Release|Any CPU
		{45C41DDE-9697-442C-8447-CED725227C32}.Debug|Any CPU.ActiveCfg = Debug|Any CPU
		{45C41DDE-9697-442C-8447-CED725227C32}.Debug|Any CPU.Build.0 = Debug|Any CPU
		{45C41DDE-9697-442C-8447-CED725227C32}.Release|Any CPU.ActiveCfg = Release|Any CPU
		{45C41DDE-9697-442C-8447-CED725227C32}.Release|Any CPU.Build.0 = Release|Any CPU
		{E298B384-1025-47A3-874E-408D948255F6}.Debug|Any CPU.ActiveCfg = Debug|Any CPU
		{E298B384-1025-47A3-874E-408D948255F6}.Debug|Any CPU.Build.0 = Debug|Any CPU
		{E298B384-1025-47A3-874E-408D948255F6}.Release|Any CPU.ActiveCfg = Release|Any CPU
		{E298B384-1025-47A3-874E-408D948255F6}.Release|Any CPU.Build.0 = Release|Any CPU
		{A0ED6595-9F40-479E-B74D-B0EACC50A16F}.Debug|Any CPU.ActiveCfg = Debug|Any CPU
		{A0ED6595-9F40-479E-B74D-B0EACC50A16F}.Debug|Any CPU.Build.0 = Debug|Any CPU
		{A0ED6595-9F40-479E-B74D-B0EACC50A16F}.Release|Any CPU.ActiveCfg = Release|Any CPU
		{A0ED6595-9F40-479E-B74D-B0EACC50A16F}.Release|Any CPU.Build.0 = Release|Any CPU
		{C1EFD0DF-34FF-4304-8E40-B29E4116E336}.Debug|Any CPU.ActiveCfg = Debug|Any CPU
		{C1EFD0DF-34FF-4304-8E40-B29E4116E336}.Debug|Any CPU.Build.0 = Debug|Any CPU
		{C1EFD0DF-34FF-4304-8E40-B29E4116E336}.Release|Any CPU.ActiveCfg = Release|Any CPU
		{C1EFD0DF-34FF-4304-8E40-B29E4116E336}.Release|Any CPU.Build.0 = Release|Any CPU
		{B54B5FD1-3349-4893-805E-896666A41D04}.Debug|Any CPU.ActiveCfg = Debug|Any CPU
		{B54B5FD1-3349-4893-805E-896666A41D04}.Debug|Any CPU.Build.0 = Debug|Any CPU
		{B54B5FD1-3349-4893-805E-896666A41D04}.Release|Any CPU.ActiveCfg = Release|Any CPU
		{B54B5FD1-3349-4893-805E-896666A41D04}.Release|Any CPU.Build.0 = Release|Any CPU
		{C9F47107-6908-4233-9C39-A873D4998000}.Debug|Any CPU.ActiveCfg = Debug|Any CPU
		{C9F47107-6908-4233-9C39-A873D4998000}.Debug|Any CPU.Build.0 = Debug|Any CPU
		{C9F47107-6908-4233-9C39-A873D4998000}.Release|Any CPU.ActiveCfg = Release|Any CPU
		{C9F47107-6908-4233-9C39-A873D4998000}.Release|Any CPU.Build.0 = Release|Any CPU
	EndGlobalSection
	GlobalSection(SolutionProperties) = preSolution
		HideSolutionNode = FALSE
	EndGlobalSection
	GlobalSection(ExtensibilityGlobals) = postSolution
		SolutionGuid = {A5FD62B8-E524-4C4C-931B-2281912FE265}
	EndGlobalSection
EndGlobal
